
Microsoft Visual Studio Solution File, Format Version 10.00
# Visual Studio 2008
Project("{FAE04EC0-301F-11D3-BF4B-00C04F79EFBC}") = "ForceGraph", "ForceGraph\ForceGraph.csproj", "{E0D17ECC-C3BE-4E97-95DB-08EAC1346024}"
EndProject
Project("{FAE04EC0-301F-11D3-BF4B-00C04F79EFBC}") = "Vector3DTest", "Vector3DTest\Vector3DTest.csproj", "{B34C303A-753A-4761-B26E-FFB92411E4F1}"
EndProject
Project("{FAE04EC0-301F-11D3-BF4B-00C04F79EFBC}") = "GraphViewer", "GraphViewer\GraphViewer.csproj", "{453B2C31-7472-4B45-9CEA-296E60E4DD91}"
EndProject
Global
	GlobalSection(SolutionConfigurationPlatforms) = preSolution
		Debug|Any CPU = Debug|Any CPU
		Release|Any CPU = Release|Any CPU
	EndGlobalSection
	GlobalSection(ProjectConfigurationPlatforms) = postSolution
		{453B2C31-7472-4B45-9CEA-296E60E4DD91}.Debug|Any CPU.ActiveCfg = Debug|Any CPU
		{453B2C31-7472-4B45-9CEA-296E60E4DD91}.Debug|Any CPU.Build.0 = Debug|Any CPU
		{453B2C31-7472-4B45-9CEA-296E60E4DD91}.Release|Any CPU.ActiveCfg = Release|Any CPU
		{453B2C31-7472-4B45-9CEA-296E60E4DD91}.Release|Any CPU.Build.0 = Release|Any CPU
		{B34C303A-753A-4761-B26E-FFB92411E4F1}.Debug|Any CPU.ActiveCfg = Debug|Any CPU
		{B34C303A-753A-4761-B26E-FFB92411E4F1}.Debug|Any CPU.Build.0 = Debug|Any CPU
		{B34C303A-753A-4761-B26E-FFB92411E4F1}.Release|Any CPU.ActiveCfg = Release|Any CPU
		{B34C303A-753A-4761-B26E-FFB92411E4F1}.Release|Any CPU.Build.0 = Release|Any CPU
		{E0D17ECC-C3BE-4E97-95DB-08EAC1346024}.Debug|Any CPU.ActiveCfg = Debug|Any CPU
		{E0D17ECC-C3BE-4E97-95DB-08EAC1346024}.Debug|Any CPU.Build.0 = Debug|Any CPU
		{E0D17ECC-C3BE-4E97-95DB-08EAC1346024}.Release|Any CPU.ActiveCfg = Release|Any CPU
		{E0D17ECC-C3BE-4E97-95DB-08EAC1346024}.Release|Any CPU.Build.0 = Release|Any CPU
	EndGlobalSection
	GlobalSection(MonoDevelopProperties) = preSolution
		StartupItem = GraphViewer\GraphViewer.csproj
	EndGlobalSection
EndGlobal
